
Microsoft Visual Studio Solution File, Format Version 12.00
# Visual Studio 2012
Project("{FAE04EC0-301F-11D3-BF4B-00C04F79EFBC}") = "PhotoAlbum", "PhotoAlbum\PhotoAlbum.csproj", "{F89E8E86-6F5D-4D66-8CC5-5DFAD4678C34}"
EndProject
Project("{FAE04EC0-301F-11D3-BF4B-00C04F79EFBC}") = "ORM", "ORM\ORM.csproj", "{79833F62-3EE0-4B98-B24A-74905DC1DFB7}"
EndProject
Project("{FAE04EC0-301F-11D3-BF4B-00C04F79EFBC}") = "DAL", "DAL\DAL.csproj", "{6AF59493-CE15-4746-B10E-4CE43F70470B}"
EndProject
Project("{FAE04EC0-301F-11D3-BF4B-00C04F79EFBC}") = "DAL.Interface", "DAL.Interface\DAL.Interface.csproj", "{2ADCBBE6-EFA8-49D4-B8A1-13EA1BF0144C}"
EndProject
Project("{FAE04EC0-301F-11D3-BF4B-00C04F79EFBC}") = "EntityMapper", "EntityMapper\EntityMapper.csproj", "{2B88BB32-DA1C-46FB-894C-23FD2420FE4E}"
EndProject
Project("{FAE04EC0-301F-11D3-BF4B-00C04F79EFBC}") = "ConsoleTesting", "ConsoleTesting\ConsoleTesting.csproj", "{6B4A75D0-852E-4302-84FE-2EEB4945F1D3}"
EndProject
Project("{FAE04EC0-301F-11D3-BF4B-00C04F79EFBC}") = "BLL.Interface", "BLL.Interface\BLL.Interface.csproj", "{1B785186-57BF-499F-A117-D9BC8F4DDF1C}"
EndProject
Project("{FAE04EC0-301F-11D3-BF4B-00C04F79EFBC}") = "BLL", "BLL\BLL.csproj", "{C62503FD-A596-400E-8FDD-E15ABBC6ECF4}"
EndProject
Project("{FAE04EC0-301F-11D3-BF4B-00C04F79EFBC}") = "DependencyResolver", "DependencyResolver\DependencyResolver.csproj", "{73FC3D3B-7FF9-4849-A35F-B1CA319B1E94}"
EndProject
Global
	GlobalSection(SolutionConfigurationPlatforms) = preSolution
		Debug|Any CPU = Debug|Any CPU
		Release|Any CPU = Release|Any CPU
	EndGlobalSection
	GlobalSection(ProjectConfigurationPlatforms) = postSolution
		{F89E8E86-6F5D-4D66-8CC5-5DFAD4678C34}.Debug|Any CPU.ActiveCfg = Debug|Any CPU
		{F89E8E86-6F5D-4D66-8CC5-5DFAD4678C34}.Debug|Any CPU.Build.0 = Debug|Any CPU
		{F89E8E86-6F5D-4D66-8CC5-5DFAD4678C34}.Release|Any CPU.ActiveCfg = Release|Any CPU
		{F89E8E86-6F5D-4D66-8CC5-5DFAD4678C34}.Release|Any CPU.Build.0 = Release|Any CPU
		{79833F62-3EE0-4B98-B24A-74905DC1DFB7}.Debug|Any CPU.ActiveCfg = Debug|Any CPU
		{79833F62-3EE0-4B98-B24A-74905DC1DFB7}.Debug|Any CPU.Build.0 = Debug|Any CPU
		{79833F62-3EE0-4B98-B24A-74905DC1DFB7}.Release|Any CPU.ActiveCfg = Release|Any CPU
		{79833F62-3EE0-4B98-B24A-74905DC1DFB7}.Release|Any CPU.Build.0 = Release|Any CPU
		{6AF59493-CE15-4746-B10E-4CE43F70470B}.Debug|Any CPU.ActiveCfg = Debug|Any CPU
		{6AF59493-CE15-4746-B10E-4CE43F70470B}.Debug|Any CPU.Build.0 = Debug|Any CPU
		{6AF59493-CE15-4746-B10E-4CE43F70470B}.Release|Any CPU.ActiveCfg = Release|Any CPU
		{6AF59493-CE15-4746-B10E-4CE43F70470B}.Release|Any CPU.Build.0 = Release|Any CPU
		{2ADCBBE6-EFA8-49D4-B8A1-13EA1BF0144C}.Debug|Any CPU.ActiveCfg = Debug|Any CPU
		{2ADCBBE6-EFA8-49D4-B8A1-13EA1BF0144C}.Debug|Any CPU.Build.0 = Debug|Any CPU
		{2ADCBBE6-EFA8-49D4-B8A1-13EA1BF0144C}.Release|Any CPU.ActiveCfg = Release|Any CPU
		{2ADCBBE6-EFA8-49D4-B8A1-13EA1BF0144C}.Release|Any CPU.Build.0 = Release|Any CPU
		{2B88BB32-DA1C-46FB-894C-23FD2420FE4E}.Debug|Any CPU.ActiveCfg = Debug|Any CPU
		{2B88BB32-DA1C-46FB-894C-23FD2420FE4E}.Debug|Any CPU.Build.0 = Debug|Any CPU
		{2B88BB32-DA1C-46FB-894C-23FD2420FE4E}.Release|Any CPU.ActiveCfg = Release|Any CPU
		{2B88BB32-DA1C-46FB-894C-23FD2420FE4E}.Release|Any CPU.Build.0 = Release|Any CPU
		{6B4A75D0-852E-4302-84FE-2EEB4945F1D3}.Debug|Any CPU.ActiveCfg = Debug|Any CPU
		{6B4A75D0-852E-4302-84FE-2EEB4945F1D3}.Debug|Any CPU.Build.0 = Debug|Any CPU
		{6B4A75D0-852E-4302-84FE-2EEB4945F1D3}.Release|Any CPU.ActiveCfg = Release|Any CPU
		{6B4A75D0-852E-4302-84FE-2EEB4945F1D3}.Release|Any CPU.Build.0 = Release|Any CPU
		{1B785186-57BF-499F-A117-D9BC8F4DDF1C}.Debug|Any CPU.ActiveCfg = Debug|Any CPU
		{1B785186-57BF-499F-A117-D9BC8F4DDF1C}.Debug|Any CPU.Build.0 = Debug|Any CPU
		{1B785186-57BF-499F-A117-D9BC8F4DDF1C}.Release|Any CPU.ActiveCfg = Release|Any CPU
		{1B785186-57BF-499F-A117-D9BC8F4DDF1C}.Release|Any CPU.Build.0 = Release|Any CPU
		{C62503FD-A596-400E-8FDD-E15ABBC6ECF4}.Debug|Any CPU.ActiveCfg = Debug|Any CPU
		{C62503FD-A596-400E-8FDD-E15ABBC6ECF4}.Debug|Any CPU.Build.0 = Debug|Any CPU
		{C62503FD-A596-400E-8FDD-E15ABBC6ECF4}.Release|Any CPU.ActiveCfg = Release|Any CPU
		{C62503FD-A596-400E-8FDD-E15ABBC6ECF4}.Release|Any CPU.Build.0 = Release|Any CPU
		{73FC3D3B-7FF9-4849-A35F-B1CA319B1E94}.Debug|Any CPU.ActiveCfg = Debug|Any CPU
		{73FC3D3B-7FF9-4849-A35F-B1CA319B1E94}.Debug|Any CPU.Build.0 = Debug|Any CPU
		{73FC3D3B-7FF9-4849-A35F-B1CA319B1E94}.Release|Any CPU.ActiveCfg = Release|Any CPU
		{73FC3D3B-7FF9-4849-A35F-B1CA319B1E94}.Release|Any CPU.Build.0 = Release|Any CPU
	EndGlobalSection
	GlobalSection(SolutionProperties) = preSolution
		HideSolutionNode = FALSE
	EndGlobalSection
EndGlobal
